
Microsoft Visual Studio Solution File, Format Version 12.00
# Visual Studio Version 17
VisualStudioVersion = 17.7.34024.191
MinimumVisualStudioVersion = 10.0.40219.1
Project("{FAE04EC0-301F-11D3-BF4B-00C04F79EFBC}") = "WinFormsApp2", "WinFormsApp2\WinFormsApp2.csproj", "{219E8C4A-D370-4882-B465-EA4870B90113}"
EndProject
Global
	GlobalSection(SolutionConfigurationPlatforms) = preSolution
		Debug|Any CPU = Debug|Any CPU
		Release|Any CPU = Release|Any CPU
	EndGlobalSection
	GlobalSection(ProjectConfigurationPlatforms) = postSolution
		{219E8C4A-D370-4882-B465-EA4870B90113}.Debug|Any CPU.ActiveCfg = Debug|Any CPU
		{219E8C4A-D370-4882-B465-EA4870B90113}.Debug|Any CPU.Build.0 = Debug|Any CPU
		{219E8C4A-D370-4882-B465-EA4870B90113}.Release|Any CPU.ActiveCfg = Release|Any CPU
		{219E8C4A-D370-4882-B465-EA4870B90113}.Release|Any CPU.Build.0 = Release|Any CPU
	EndGlobalSection
	GlobalSection(SolutionProperties) = preSolution
		HideSolutionNode = FALSE
	EndGlobalSection
	GlobalSection(ExtensibilityGlobals) = postSolution
		SolutionGuid = {47289151-9348-4602-A60B-960C7D77262C}
	EndGlobalSection
EndGlobal
